
Microsoft Visual Studio Solution File, Format Version 12.00
Project("{FAE04EC0-301F-11D3-BF4B-00C04F79EFBC}") = "ms18-applicatie", "ms18-applicatie\ms18-applicatie.csproj", "{A42ABEFA-3E92-401B-BA55-A2B0F56507AC}"
EndProject
Global
	GlobalSection(SolutionConfigurationPlatforms) = preSolution
		Debug|Any CPU = Debug|Any CPU
		Release|Any CPU = Release|Any CPU
	EndGlobalSection
	GlobalSection(ProjectConfigurationPlatforms) = postSolution
		{A42ABEFA-3E92-401B-BA55-A2B0F56507AC}.Debug|Any CPU.ActiveCfg = Debug|Any CPU
		{A42ABEFA-3E92-401B-BA55-A2B0F56507AC}.Debug|Any CPU.Build.0 = Debug|Any CPU
		{A42ABEFA-3E92-401B-BA55-A2B0F56507AC}.Release|Any CPU.ActiveCfg = Release|Any CPU
		{A42ABEFA-3E92-401B-BA55-A2B0F56507AC}.Release|Any CPU.Build.0 = Release|Any CPU
	EndGlobalSection
EndGlobal
